{
  "name": "henmao-game-ecs",
  "version": "1.0.0",
  "lockfileVersion": 1,
  "requires": true,
  "dependencies": {
    "esbuild": {
      "version": "0.12.0",
      "resolved": "https://registry.npmjs.org/esbuild/-/esbuild-0.12.0.tgz",
      "integrity": "sha512-vUKQ6TiMWGCtI7jLSrMmBVY4aj4As9J6NsFnrS9insd2F5KKD3mr1jUe+SB4KsMACkQIGtTtkksPpRmmqgxDHw==",
      "dev": true
    }
  }
}
